{
  "pins" : [
    {
      "identity" : "carekit",
      "kind" : "remoteSourceControl",
      "location" : "https://github.com/cbaker6/CareKit.git",
      "state" : {
        "revision" : "658b2b39d229ba36a8e11e941d97df2b53750d2d",
        "version" : "2.1.2"
      }
    },
    {
      "identity" : "fhirmodels",
      "kind" : "remoteSourceControl",
      "location" : "https://github.com/apple/FHIRModels.git",
      "state" : {
        "revision" : "e115442fb3c5d44ffb1dc9b4e039b77fd143ad96",
        "version" : "0.4.0"
      }
    },
    {
      "identity" : "parse-swift",
      "kind" : "remoteSourceControl",
      "location" : "https://github.com/netreconlab/Parse-Swift.git",
      "state" : {
        "revision" : "57de2314e87c01a6ceeeb7059ed0460acf2a0bfc",
        "version" : "4.16.1"
      }
    },
    {
      "identity" : "parsecarekit",
      "kind" : "remoteSourceControl",
      "location" : "https://github.com/netreconlab/ParseCareKit.git",
      "state" : {
        "revision" : "5584541e03f280cfb0f24453287bd8fef29703b4",
        "version" : "0.10.2"
      }
    }
  ],
  "version" : 2
}
